
Microsoft Visual Studio Solution File, Format Version 12.00
# Visual Studio 15
VisualStudioVersion = 15.0.28010.2050
MinimumVisualStudioVersion = 10.0.40219.1
Project("{9A19103F-16F7-4668-BE54-9A1E7A4F7556}") = "SnakesAndLaddersKata", "SnakesAndLaddersKata\SnakesAndLaddersKata.csproj", "{3E264372-C056-4F9D-9024-F13407805CCC}"
EndProject
Project("{FAE04EC0-301F-11D3-BF4B-00C04F79EFBC}") = "SnakesAndLaddersKataTests", "SnakesAndLaddersKataTests\SnakesAndLaddersKataTests.csproj", "{611A69EB-7B87-4B78-B0AE-C5519F0506BC}"
EndProject
Global
	GlobalSection(SolutionConfigurationPlatforms) = preSolution
		Debug|Any CPU = Debug|Any CPU
		Release|Any CPU = Release|Any CPU
	EndGlobalSection
	GlobalSection(ProjectConfigurationPlatforms) = postSolution
		{3E264372-C056-4F9D-9024-F13407805CCC}.Debug|Any CPU.ActiveCfg = Debug|Any CPU
		{3E264372-C056-4F9D-9024-F13407805CCC}.Debug|Any CPU.Build.0 = Debug|Any CPU
		{3E264372-C056-4F9D-9024-F13407805CCC}.Release|Any CPU.ActiveCfg = Release|Any CPU
		{3E264372-C056-4F9D-9024-F13407805CCC}.Release|Any CPU.Build.0 = Release|Any CPU
		{611A69EB-7B87-4B78-B0AE-C5519F0506BC}.Debug|Any CPU.ActiveCfg = Debug|Any CPU
		{611A69EB-7B87-4B78-B0AE-C5519F0506BC}.Debug|Any CPU.Build.0 = Debug|Any CPU
		{611A69EB-7B87-4B78-B0AE-C5519F0506BC}.Release|Any CPU.ActiveCfg = Release|Any CPU
		{611A69EB-7B87-4B78-B0AE-C5519F0506BC}.Release|Any CPU.Build.0 = Release|Any CPU
	EndGlobalSection
	GlobalSection(SolutionProperties) = preSolution
		HideSolutionNode = FALSE
	EndGlobalSection
	GlobalSection(ExtensibilityGlobals) = postSolution
		SolutionGuid = {A35B35BA-E54F-4475-BCE2-7CF4102563BF}
	EndGlobalSection
EndGlobal
